
Microsoft Visual Studio Solution File, Format Version 12.00
# Visual Studio Version 16
VisualStudioVersion = 16.0.29806.167
MinimumVisualStudioVersion = 10.0.40219.1
Project("{8BC9CEB8-8B4A-11D0-8D11-00A0C91BC942}") = "roweryMiejskie", "roweryMiejskie\roweryMiejskie.vcxproj", "{83F2A484-E864-4CA5-8B8C-CB02ECC591B5}"
EndProject
Global
	GlobalSection(SolutionConfigurationPlatforms) = preSolution
		Debug|x64 = Debug|x64
		Debug|x86 = Debug|x86
		Release|x64 = Release|x64
		Release|x86 = Release|x86
	EndGlobalSection
	GlobalSection(ProjectConfigurationPlatforms) = postSolution
		{83F2A484-E864-4CA5-8B8C-CB02ECC591B5}.Debug|x64.ActiveCfg = Debug|x64
		{83F2A484-E864-4CA5-8B8C-CB02ECC591B5}.Debug|x64.Build.0 = Debug|x64
		{83F2A484-E864-4CA5-8B8C-CB02ECC591B5}.Debug|x86.ActiveCfg = Debug|Win32
		{83F2A484-E864-4CA5-8B8C-CB02ECC591B5}.Debug|x86.Build.0 = Debug|Win32
		{83F2A484-E864-4CA5-8B8C-CB02ECC591B5}.Release|x64.ActiveCfg = Release|x64
		{83F2A484-E864-4CA5-8B8C-CB02ECC591B5}.Release|x64.Build.0 = Release|x64
		{83F2A484-E864-4CA5-8B8C-CB02ECC591B5}.Release|x86.ActiveCfg = Release|Win32
		{83F2A484-E864-4CA5-8B8C-CB02ECC591B5}.Release|x86.Build.0 = Release|Win32
	EndGlobalSection
	GlobalSection(SolutionProperties) = preSolution
		HideSolutionNode = FALSE
	EndGlobalSection
	GlobalSection(ExtensibilityGlobals) = postSolution
		SolutionGuid = {ECD22539-6E2C-4BB4-AD1A-2FF214C9AC70}
	EndGlobalSection
EndGlobal
